{
  "requires": true,
  "lockfileVersion": 1,
  "dependencies": {
    "assert": {
      "version": "1.4.1",
      "resolved": "https://registry.npmjs.org/assert/-/assert-1.4.1.tgz",
      "integrity": "sha1-mZEtWRg2tab1s0XA8H7vwI/GXZE=",
      "requires": {
        "util": "0.10.3"
      }
    },
    "encoding": {
      "version": "0.1.12",
      "resolved": "https://registry.npmjs.org/encoding/-/encoding-0.1.12.tgz",
      "integrity": "sha1-U4tm8+5izRq1HsMjgp0flIDHS+s=",
      "requires": {
        "iconv-lite": "~0.4.13"
      }
    },
    "html-entities": {
      "version": "1.2.1",
      "resolved": "https://registry.npmjs.org/html-entities/-/html-entities-1.2.1.tgz",
      "integrity": "sha1-DfKTUfByEWNRXfueVUPl9u7VFi8="
    },
    "iconv-lite": {
      "version": "0.4.24",
      "resolved": "https://registry.npmjs.org/iconv-lite/-/iconv-lite-0.4.24.tgz",
      "integrity": "sha512-v3MXnZAcvnywkTUEZomIActle7RXXeedOR31wwl7VlyoXO4Qi9arvSenNQWne1TcRwhCL1HwLI21bEqdpj8/rA==",
      "requires": {
        "safer-buffer": ">= 2.1.2 < 3"
      }
    },
    "inherits": {
      "version": "2.0.1",
      "resolved": "https://registry.npmjs.org/inherits/-/inherits-2.0.1.tgz",
      "integrity": "sha1-sX0I0ya0Qj5Wjv9xn5GwscvfafE="
    },
    "nan": {
      "version": "2.12.1",
      "resolved": "https://registry.npmjs.org/nan/-/nan-2.12.1.tgz",
      "integrity": "sha512-JY7V6lRkStKcKTvHO5NVSQRv+RV+FIL5pvDoLiAtSL9pKlC5x9PKQcZDsq7m4FO4d57mkhC6Z+QhAh3Jdk5JFw=="
    },
    "safer-buffer": {
      "version": "2.1.2",
      "resolved": "https://registry.npmjs.org/safer-buffer/-/safer-buffer-2.1.2.tgz",
      "integrity": "sha512-YZo3K82SD7Riyi0E1EQPojLz7kpepnSQI9IyPbHHg1XXXevb5dJI7tpyN2ADxGcQbHG7vcyRHk0cbwqcQriUtg=="
    },
    "swipl": {
      "version": "1.0.3",
      "resolved": "https://registry.npmjs.org/swipl/-/swipl-1.0.3.tgz",
      "integrity": "sha1-sIeJyf6hXAWjyf/68+wnyiprrQI=",
      "requires": {
        "nan": "^2.4.0"
      }
    },
    "unidecode": {
      "version": "0.1.8",
      "resolved": "https://registry.npmjs.org/unidecode/-/unidecode-0.1.8.tgz",
      "integrity": "sha1-77swFTi8RSRqmsjFWdcvAVMFBT4="
    },
    "utf8": {
      "version": "3.0.0",
      "resolved": "https://registry.npmjs.org/utf8/-/utf8-3.0.0.tgz",
      "integrity": "sha512-E8VjFIQ/TyQgp+TZfS6l8yp/xWppSAHzidGiRrqe4bK4XP9pTRyKFgGJpO3SN7zdX4DeomTrwaseCHovfpFcqQ=="
    },
    "util": {
      "version": "0.10.3",
      "resolved": "http://registry.npmjs.org/util/-/util-0.10.3.tgz",
      "integrity": "sha1-evsa/lCAUkZInj23/g7TeTNqwPk=",
      "requires": {
        "inherits": "2.0.1"
      }
    }
  }
}
